Microsoft Visual Studio Solution File, Format Version 11.00
# Visual Studio 2008

Project("{22A27DA8-BB0B-38A7-750D-39CA3FEEF9EB}") = "Cast into the Voidstar", "Assembly-CSharp-vs.csproj", "{24F45809-5D29-161A-8292-2764575DA871}"
EndProject
Project("{22A27DA8-BB0B-38A7-750D-39CA3FEEF9EB}") = "Cast into the Voidstar", "Assembly-CSharp-Editor-vs.csproj", "{F1FFE179-0128-7F4B-5911-4C09AB87F2A3}"
EndProject
Global
	GlobalSection(SolutionConfigurationPlatforms) = preSolution
		Debug|Any CPU = Debug|Any CPU
		Release|Any CPU = Release|Any CPU
	EndGlobalSection
	GlobalSection(ProjectConfigurationPlatforms) = postSolution
		{24F45809-5D29-161A-8292-2764575DA871}.Debug|Any CPU.ActiveCfg = Debug|Any CPU
		{24F45809-5D29-161A-8292-2764575DA871}.Debug|Any CPU.Build.0 = Debug|Any CPU
		{24F45809-5D29-161A-8292-2764575DA871}.Release|Any CPU.ActiveCfg = Release|Any CPU
		{24F45809-5D29-161A-8292-2764575DA871}.Release|Any CPU.Build.0 = Release|Any CPU
		{F1FFE179-0128-7F4B-5911-4C09AB87F2A3}.Debug|Any CPU.ActiveCfg = Debug|Any CPU
		{F1FFE179-0128-7F4B-5911-4C09AB87F2A3}.Debug|Any CPU.Build.0 = Debug|Any CPU
		{F1FFE179-0128-7F4B-5911-4C09AB87F2A3}.Release|Any CPU.ActiveCfg = Release|Any CPU
		{F1FFE179-0128-7F4B-5911-4C09AB87F2A3}.Release|Any CPU.Build.0 = Release|Any CPU
	EndGlobalSection
	GlobalSection(SolutionProperties) = preSolution
		HideSolutionNode = FALSE
	EndGlobalSection
																																																																																																																																																																																																												GlobalSection(MonoDevelopProperties) = preSolution
		StartupItem = Assembly-CSharp.csproj
		Policies = $0
		$0.TextStylePolicy = $1
		$1.inheritsSet = null
		$1.scope = text/x-csharp
		$0.CSharpFormattingPolicy = $2
		$2.inheritsSet = Mono
		$2.inheritsScope = text/x-csharp
		$2.scope = text/x-csharp
		$0.TextStylePolicy = $3
		$3.FileWidth = 120
		$3.TabWidth = 4
		$3.IndentWidth = 4
		$3.EolMarker = Unix
		$3.inheritsSet = Mono
		$3.inheritsScope = text/plain
		$3.scope = text/plain
	EndGlobalSection

EndGlobal
